
Microsoft Visual Studio Solution File, Format Version 12.00
# Visual Studio Version 16
VisualStudioVersion = 16.0.29905.134
MinimumVisualStudioVersion = 10.0.40219.1
Project("{FAE04EC0-301F-11D3-BF4B-00C04F79EFBC}") = "MyVirtualAssistant", "MyVirtualAssistant\MyVirtualAssistant.csproj", "{D228472C-912A-4394-B59E-962E394E1AD0}"
EndProject
Project("{FAE04EC0-301F-11D3-BF4B-00C04F79EFBC}") = "MyVirtualAssistant.Tests", "MyVirtualAssistant.Tests\MyVirtualAssistant.Tests.csproj", "{BF9A55FC-3B2B-4313-8C0E-20EC196358EC}"
EndProject
Global
	GlobalSection(SolutionConfigurationPlatforms) = preSolution
		Debug|Any CPU = Debug|Any CPU
		Release|Any CPU = Release|Any CPU
	EndGlobalSection
	GlobalSection(ProjectConfigurationPlatforms) = postSolution
		{D228472C-912A-4394-B59E-962E394E1AD0}.Debug|Any CPU.ActiveCfg = Debug|Any CPU
		{D228472C-912A-4394-B59E-962E394E1AD0}.Debug|Any CPU.Build.0 = Debug|Any CPU
		{D228472C-912A-4394-B59E-962E394E1AD0}.Release|Any CPU.ActiveCfg = Release|Any CPU
		{D228472C-912A-4394-B59E-962E394E1AD0}.Release|Any CPU.Build.0 = Release|Any CPU
		{BF9A55FC-3B2B-4313-8C0E-20EC196358EC}.Debug|Any CPU.ActiveCfg = Debug|Any CPU
		{BF9A55FC-3B2B-4313-8C0E-20EC196358EC}.Debug|Any CPU.Build.0 = Debug|Any CPU
		{BF9A55FC-3B2B-4313-8C0E-20EC196358EC}.Release|Any CPU.ActiveCfg = Release|Any CPU
		{BF9A55FC-3B2B-4313-8C0E-20EC196358EC}.Release|Any CPU.Build.0 = Release|Any CPU
	EndGlobalSection
	GlobalSection(SolutionProperties) = preSolution
		HideSolutionNode = FALSE
	EndGlobalSection
	GlobalSection(ExtensibilityGlobals) = postSolution
		SolutionGuid = {7A6A1401-B475-48CD-8CCB-FAB302580049}
	EndGlobalSection
EndGlobal
